fastapi==0.115.14
uvicorn[standard]==0.34.3
python-multipart==0.0.20
pydantic==2.11.7
pydantic-settings==2.10.1
email-validator==2.2.0
SQLAlchemy[asyncio]==2.0.41
asyncpg==0.30.0
alembic==1.16.2
greenlet==3.2.3
PyJWT[crypto]==2.10.1
python-jose[cryptography]==3.5.0
passlib[bcrypt]==1.7.4
bcrypt==4.3.0
redis==5.2.1
minio==7.2.15
elasticsearch==8.17.2
openpyxl==3.1.5
structlog==25.4.0
asgi-correlation-id==4.3.4
python-dotenv==1.1.0
httpx==0.28.1
python-dateutil==2.9.0.post0
PyYAML==6.0.2
casbin==1.43.0
pytest==8.4.1
pytest-asyncio==0.26.0
aiosqlite==0.21.0
